
Microsoft Visual Studio Solution File, Format Version 12.00
# Visual Studio Version 16
VisualStudioVersion = 16.0.31410.357
MinimumVisualStudioVersion = 10.0.40219.1
Project("{FAE04EC0-301F-11D3-BF4B-00C04F79EFBC}") = "Aula03Ex1", "Aula03Ex1\Aula03Ex1.csproj", "{70D63A1B-4AE6-4B4F-AD42-738D1395CD88}"
EndProject
Global
	GlobalSection(SolutionConfigurationPlatforms) = preSolution
		Debug|Any CPU = Debug|Any CPU
		Release|Any CPU = Release|Any CPU
	EndGlobalSection
	GlobalSection(ProjectConfigurationPlatforms) = postSolution
		{70D63A1B-4AE6-4B4F-AD42-738D1395CD88}.Debug|Any CPU.ActiveCfg = Debug|Any CPU
		{70D63A1B-4AE6-4B4F-AD42-738D1395CD88}.Debug|Any CPU.Build.0 = Debug|Any CPU
		{70D63A1B-4AE6-4B4F-AD42-738D1395CD88}.Release|Any CPU.ActiveCfg = Release|Any CPU
		{70D63A1B-4AE6-4B4F-AD42-738D1395CD88}.Release|Any CPU.Build.0 = Release|Any CPU
	EndGlobalSection
	GlobalSection(SolutionProperties) = preSolution
		HideSolutionNode = FALSE
	EndGlobalSection
	GlobalSection(ExtensibilityGlobals) = postSolution
		SolutionGuid = {812E52D6-1878-4F25-A8C6-9FCB6EDE61F9}
	EndGlobalSection
EndGlobal
